
Microsoft Visual Studio Solution File, Format Version 12.00
# Visual Studio Version 17
VisualStudioVersion = 17.5.33530.505
MinimumVisualStudioVersion = 10.0.40219.1
Project("{FAE04EC0-301F-11D3-BF4B-00C04F79EFBC}") = "ConsoleApp14", "ConsoleApp14\ConsoleApp14.csproj", "{16DCC798-773F-43C9-B1D6-D0985E54995B}"
EndProject
Global
	GlobalSection(SolutionConfigurationPlatforms) = preSolution
		Debug|Any CPU = Debug|Any CPU
		Release|Any CPU = Release|Any CPU
	EndGlobalSection
	GlobalSection(ProjectConfigurationPlatforms) = postSolution
		{16DCC798-773F-43C9-B1D6-D0985E54995B}.Debug|Any CPU.ActiveCfg = Debug|Any CPU
		{16DCC798-773F-43C9-B1D6-D0985E54995B}.Debug|Any CPU.Build.0 = Debug|Any CPU
		{16DCC798-773F-43C9-B1D6-D0985E54995B}.Release|Any CPU.ActiveCfg = Release|Any CPU
		{16DCC798-773F-43C9-B1D6-D0985E54995B}.Release|Any CPU.Build.0 = Release|Any CPU
	EndGlobalSection
	GlobalSection(SolutionProperties) = preSolution
		HideSolutionNode = FALSE
	EndGlobalSection
	GlobalSection(ExtensibilityGlobals) = postSolution
		SolutionGuid = {8B33D6E4-4779-41DD-B902-1E6DF0A149F3}
	EndGlobalSection
EndGlobal
